{
    "name": "oxigen-router",
    "version": "1.0.0",
    "lockfileVersion": 1,
    "requires": true,
    "dependencies": {
        "oxigen-core": {
            "version": "1.0.0",
            "resolved": "https://registry.npmjs.org/oxigen-core/-/oxigen-core-1.0.0.tgz",
            "integrity": "sha512-hFKrN+EmYPknLjJNMIjSai7oW3T3q3nRUgFwLV+UL2ibOlxP95GfbkKFiXf2xCs81vUFSmajagZYe5AJN0qnLA=="
        }
    }
}
